{
  "name": "FirebaseAuth",
  "version": "0.0.1",
  "lockfileVersion": 1,
  "requires": true,
  "dependencies": {
    "@ionic/pro": {
      "version": "1.0.16",
      "resolved": "https://registry.npmjs.org/@ionic/pro/-/pro-1.0.16.tgz",
      "integrity": "sha512-SyqG7L+0pAkLgZHPjvjadesbTey+slyZ/tGxn7O7U7PI6AoidNG6nKVcYRs2Jbp88eONZKlZsXISacOkWJEwrw=="
    }
  }
}
